{
  "name": "my-tailwind-app",
  "lockfileVersion": 3,
  "requires": true,
  "packages": {
    "": {
      "dependencies": {
        "credit-card-type": "^10.0.1"
      }
    },
    "node_modules/credit-card-type": {
      "version": "10.0.1",
      "resolved": "https://registry.npmjs.org/credit-card-type/-/credit-card-type-10.0.1.tgz",
      "integrity": "sha512-vQOuWmBgsgG1ovGeDi8m6Zeu1JaqH/JncrxKmaqMbv/LunyOQdLiQhPHtOsNlbUI05TocR5nod/Mbs3HYtr6sQ=="
    }
  }
}
